{
  "name": "assets",
  "version": "1.0.0",
  "lockfileVersion": 1,
  "requires": true,
  "dependencies": {
    "typeface-cormorant-garamond": {
      "version": "0.0.72",
      "resolved": "https://registry.npmjs.org/typeface-cormorant-garamond/-/typeface-cormorant-garamond-0.0.72.tgz",
      "integrity": "sha512-SOImWwsy5h0Vtj8oWMY2KjEnalkA86I7c98UMXplZQ9cTKoq4kfojc/R2B55kzJGhg0uEz0GcbDtFcyQzxTOqg=="
    }
  }
}
