{
  "name": "assets",
  "version": "1.0.0",
  "lockfileVersion": 1,
  "requires": true,
  "dependencies": {
    "lato-font": {
      "version": "3.0.0",
      "resolved": "https://registry.npmjs.org/lato-font/-/lato-font-3.0.0.tgz",
      "integrity": "sha1-kbg34jdLZo+3Mx1EyJTTei2fjhE="
    },
    "typeface-cormorant-garamond": {
      "version": "0.0.72",
      "resolved": "https://registry.npmjs.org/typeface-cormorant-garamond/-/typeface-cormorant-garamond-0.0.72.tgz",
      "integrity": "sha512-SOImWwsy5h0Vtj8oWMY2KjEnalkA86I7c98UMXplZQ9cTKoq4kfojc/R2B55kzJGhg0uEz0GcbDtFcyQzxTOqg=="
    },
    "typeface-encode-sans": {
      "version": "0.0.72",
      "resolved": "https://registry.npmjs.org/typeface-encode-sans/-/typeface-encode-sans-0.0.72.tgz",
      "integrity": "sha512-U5xVtJMVhLqT8f1WYNG5uGqxC29ESTuT9X1X4I/e+JHTz0zD/uOENEOY2cbrxLFoXtJhWIkxVhEw5HVjd42wzg=="
    },
    "typeface-encode-sans-condensed": {
      "version": "0.0.72",
      "resolved": "https://registry.npmjs.org/typeface-encode-sans-condensed/-/typeface-encode-sans-condensed-0.0.72.tgz",
      "integrity": "sha512-klNrWvhrEfos0hItl3uceoVKuFiG1sju//7BWzjGk7gNQa+3J5ITfWpP2C6OSbv1sLBcpyTJfNK4qnFnHVJRfw=="
    }
  }
}
